
Microsoft Visual Studio Solution File, Format Version 12.00
# Visual Studio Version 16
VisualStudioVersion = 16.0.30225.117
MinimumVisualStudioVersion = 10.0.40219.1
Project("{FAE04EC0-301F-11D3-BF4B-00C04F79EFBC}") = "Invoice-System", "Invoice-System\Invoice-System.csproj", "{B22E7E2A-86F6-402B-99D8-636EB289D4D0}"
EndProject
Global
	GlobalSection(SolutionConfigurationPlatforms) = preSolution
		Debug|Any CPU = Debug|Any CPU
		Release|Any CPU = Release|Any CPU
	EndGlobalSection
	GlobalSection(ProjectConfigurationPlatforms) = postSolution
		{B22E7E2A-86F6-402B-99D8-636EB289D4D0}.Debug|Any CPU.ActiveCfg = Debug|Any CPU
		{B22E7E2A-86F6-402B-99D8-636EB289D4D0}.Debug|Any CPU.Build.0 = Debug|Any CPU
		{B22E7E2A-86F6-402B-99D8-636EB289D4D0}.Release|Any CPU.ActiveCfg = Release|Any CPU
		{B22E7E2A-86F6-402B-99D8-636EB289D4D0}.Release|Any CPU.Build.0 = Release|Any CPU
	EndGlobalSection
	GlobalSection(SolutionProperties) = preSolution
		HideSolutionNode = FALSE
	EndGlobalSection
	GlobalSection(ExtensibilityGlobals) = postSolution
		SolutionGuid = {66E859DB-37B2-4592-974A-0597CE018B94}
	EndGlobalSection
EndGlobal
